
Microsoft Visual Studio Solution File, Format Version 12.00
# Visual Studio 15
VisualStudioVersion = 15.0.27428.2037
MinimumVisualStudioVersion = 10.0.40219.1
Project("{FAE04EC0-301F-11D3-BF4B-00C04F79EFBC}") = "MortgageCalculator1.0", "MortgageCalculator1.0\MortgageCalculator1.0.csproj", "{0E6E155E-2905-4C68-8CC5-C8D802D6F90A}"
EndProject
Project("{FAE04EC0-301F-11D3-BF4B-00C04F79EFBC}") = "MortgageCalculator.Tests", "MortgageCalculator.Tests\MortgageCalculator.Tests.csproj", "{7A84D7D9-BA6E-40C6-B5F8-FB3267AA582A}"
EndProject
Global
	GlobalSection(SolutionConfigurationPlatforms) = preSolution
		Debug|Any CPU = Debug|Any CPU
		Release|Any CPU = Release|Any CPU
	EndGlobalSection
	GlobalSection(ProjectConfigurationPlatforms) = postSolution
		{0E6E155E-2905-4C68-8CC5-C8D802D6F90A}.Debug|Any CPU.ActiveCfg = Debug|Any CPU
		{0E6E155E-2905-4C68-8CC5-C8D802D6F90A}.Debug|Any CPU.Build.0 = Debug|Any CPU
		{0E6E155E-2905-4C68-8CC5-C8D802D6F90A}.Release|Any CPU.ActiveCfg = Release|Any CPU
		{0E6E155E-2905-4C68-8CC5-C8D802D6F90A}.Release|Any CPU.Build.0 = Release|Any CPU
		{7A84D7D9-BA6E-40C6-B5F8-FB3267AA582A}.Debug|Any CPU.ActiveCfg = Debug|Any CPU
		{7A84D7D9-BA6E-40C6-B5F8-FB3267AA582A}.Debug|Any CPU.Build.0 = Debug|Any CPU
		{7A84D7D9-BA6E-40C6-B5F8-FB3267AA582A}.Release|Any CPU.ActiveCfg = Release|Any CPU
		{7A84D7D9-BA6E-40C6-B5F8-FB3267AA582A}.Release|Any CPU.Build.0 = Release|Any CPU
	EndGlobalSection
	GlobalSection(SolutionProperties) = preSolution
		HideSolutionNode = FALSE
	EndGlobalSection
	GlobalSection(ExtensibilityGlobals) = postSolution
		SolutionGuid = {EC621576-9AAD-41EB-8C51-6BF2D75919F7}
	EndGlobalSection
EndGlobal
